
Microsoft Visual Studio Solution File, Format Version 12.00
# Visual Studio Version 17
VisualStudioVersion = 17.14.36310.24
MinimumVisualStudioVersion = 10.0.40219.1
Project("{2150E333-8FDC-42A3-9474-1A3956D46DE8}") = "Services", "Services", "{5854FF58-B8C5-05C6-5BF2-ACE42193F22B}"
EndProject
Project("{2150E333-8FDC-42A3-9474-1A3956D46DE8}") = "Catalog", "Catalog", "{944ACC7E-4FFC-A2A2-09E1-98A62C66F8DB}"
EndProject
Project("{FAE04EC0-301F-11D3-BF4B-00C04F79EFBC}") = "Catalog.API", "Services\Catalog\Catalog.API\Catalog.API.csproj", "{70C2B01B-BBB4-4D7D-90C5-5D3503B4E771}"
EndProject
Project("{FAE04EC0-301F-11D3-BF4B-00C04F79EFBC}") = "Catalog.Application", "Services\Catalog\Catalog.Application\Catalog.Application.csproj", "{EAAA3115-911C-4133-AF7A-E882C1D44A36}"
EndProject
Project("{FAE04EC0-301F-11D3-BF4B-00C04F79EFBC}") = "Catalog.Core", "Services\Catalog\Catalog.Core\Catalog.Core.csproj", "{144D645A-E341-45E4-976C-E9639FC81B12}"
EndProject
Project("{FAE04EC0-301F-11D3-BF4B-00C04F79EFBC}") = "Catalog.Infrastructure", "Services\Catalog\Catalog.Infrastructure\Catalog.Infrastructure.csproj", "{17130226-DCF6-4CD7-AF0C-809C27239203}"
EndProject
Project("{E53339B2-1760-4266-BCC7-CA923CBCF16C}") = "docker-compose", "docker-compose.dcproj", "{81DDED9D-158B-E303-5F62-77A2896D2A5A}"
EndProject
Project("{2150E333-8FDC-42A3-9474-1A3956D46DE8}") = "Solution", "Solution", "{284B0C48-6525-F3F5-CD5D-7841BD44174A}"
	ProjectSection(SolutionItems) = preProject
		ReadMe.md = ReadMe.md
	EndProjectSection
EndProject
Global
	GlobalSection(SolutionConfigurationPlatforms) = preSolution
		Debug|Any CPU = Debug|Any CPU
		Release|Any CPU = Release|Any CPU
	EndGlobalSection
	GlobalSection(ProjectConfigurationPlatforms) = postSolution
		{70C2B01B-BBB4-4D7D-90C5-5D3503B4E771}.Debug|Any CPU.ActiveCfg = Debug|Any CPU
		{70C2B01B-BBB4-4D7D-90C5-5D3503B4E771}.Debug|Any CPU.Build.0 = Debug|Any CPU
		{70C2B01B-BBB4-4D7D-90C5-5D3503B4E771}.Release|Any CPU.ActiveCfg = Release|Any CPU
		{70C2B01B-BBB4-4D7D-90C5-5D3503B4E771}.Release|Any CPU.Build.0 = Release|Any CPU
		{EAAA3115-911C-4133-AF7A-E882C1D44A36}.Debug|Any CPU.ActiveCfg = Debug|Any CPU
		{EAAA3115-911C-4133-AF7A-E882C1D44A36}.Debug|Any CPU.Build.0 = Debug|Any CPU
		{EAAA3115-911C-4133-AF7A-E882C1D44A36}.Release|Any CPU.ActiveCfg = Release|Any CPU
		{EAAA3115-911C-4133-AF7A-E882C1D44A36}.Release|Any CPU.Build.0 = Release|Any CPU
		{144D645A-E341-45E4-976C-E9639FC81B12}.Debug|Any CPU.ActiveCfg = Debug|Any CPU
		{144D645A-E341-45E4-976C-E9639FC81B12}.Debug|Any CPU.Build.0 = Debug|Any CPU
		{144D645A-E341-45E4-976C-E9639FC81B12}.Release|Any CPU.ActiveCfg = Release|Any CPU
		{144D645A-E341-45E4-976C-E9639FC81B12}.Release|Any CPU.Build.0 = Release|Any CPU
		{17130226-DCF6-4CD7-AF0C-809C27239203}.Debug|Any CPU.ActiveCfg = Debug|Any CPU
		{17130226-DCF6-4CD7-AF0C-809C27239203}.Debug|Any CPU.Build.0 = Debug|Any CPU
		{17130226-DCF6-4CD7-AF0C-809C27239203}.Release|Any CPU.ActiveCfg = Release|Any CPU
		{17130226-DCF6-4CD7-AF0C-809C27239203}.Release|Any CPU.Build.0 = Release|Any CPU
		{81DDED9D-158B-E303-5F62-77A2896D2A5A}.Debug|Any CPU.ActiveCfg = Debug|Any CPU
		{81DDED9D-158B-E303-5F62-77A2896D2A5A}.Debug|Any CPU.Build.0 = Debug|Any CPU
		{81DDED9D-158B-E303-5F62-77A2896D2A5A}.Release|Any CPU.ActiveCfg = Release|Any CPU
		{81DDED9D-158B-E303-5F62-77A2896D2A5A}.Release|Any CPU.Build.0 = Release|Any CPU
	EndGlobalSection
	GlobalSection(SolutionProperties) = preSolution
		HideSolutionNode = FALSE
	EndGlobalSection
	GlobalSection(NestedProjects) = preSolution
		{944ACC7E-4FFC-A2A2-09E1-98A62C66F8DB} = {5854FF58-B8C5-05C6-5BF2-ACE42193F22B}
		{70C2B01B-BBB4-4D7D-90C5-5D3503B4E771} = {944ACC7E-4FFC-A2A2-09E1-98A62C66F8DB}
		{EAAA3115-911C-4133-AF7A-E882C1D44A36} = {944ACC7E-4FFC-A2A2-09E1-98A62C66F8DB}
		{144D645A-E341-45E4-976C-E9639FC81B12} = {944ACC7E-4FFC-A2A2-09E1-98A62C66F8DB}
		{17130226-DCF6-4CD7-AF0C-809C27239203} = {944ACC7E-4FFC-A2A2-09E1-98A62C66F8DB}
	EndGlobalSection
	GlobalSection(ExtensibilityGlobals) = postSolution
		SolutionGuid = {38ACD587-4432-40AB-B2D0-E23FFEC72049}
	EndGlobalSection
EndGlobal
