
Microsoft Visual Studio Solution File, Format Version 12.00
# Visual Studio Version 17
VisualStudioVersion = 17.14.36310.24
MinimumVisualStudioVersion = 10.0.40219.1
Project("{2150E333-8FDC-42A3-9474-1A3956D46DE8}") = "Services", "Services", "{5854FF58-B8C5-05C6-5BF2-ACE42193F22B}"
EndProject
Project("{2150E333-8FDC-42A3-9474-1A3956D46DE8}") = "Catalog", "Catalog", "{944ACC7E-4FFC-A2A2-09E1-98A62C66F8DB}"
EndProject
Project("{FAE04EC0-301F-11D3-BF4B-00C04F79EFBC}") = "Catalog.API", "Services\Catalog\Catalog.API\Catalog.API.csproj", "{70C2B01B-BBB4-4D7D-90C5-5D3503B4E771}"
EndProject
Project("{FAE04EC0-301F-11D3-BF4B-00C04F79EFBC}") = "Catalog.Application", "Services\Catalog\Catalog.Application\Catalog.Application.csproj", "{EAAA3115-911C-4133-AF7A-E882C1D44A36}"
EndProject
Project("{FAE04EC0-301F-11D3-BF4B-00C04F79EFBC}") = "Catalog.Core", "Services\Catalog\Catalog.Core\Catalog.Core.csproj", "{144D645A-E341-45E4-976C-E9639FC81B12}"
EndProject
Project("{FAE04EC0-301F-11D3-BF4B-00C04F79EFBC}") = "Catalog.Infrastructure", "Services\Catalog\Catalog.Infrastructure\Catalog.Infrastructure.csproj", "{17130226-DCF6-4CD7-AF0C-809C27239203}"
EndProject
Project("{E53339B2-1760-4266-BCC7-CA923CBCF16C}") = "docker-compose", "docker-compose.dcproj", "{81DDED9D-158B-E303-5F62-77A2896D2A5A}"
EndProject
Project("{2150E333-8FDC-42A3-9474-1A3956D46DE8}") = "Solution", "Solution", "{284B0C48-6525-F3F5-CD5D-7841BD44174A}"
	ProjectSection(SolutionItems) = preProject
		Architecture.jpg = Architecture.jpg
		ReadMe.md = ReadMe.md
	EndProjectSection
EndProject
Project("{2150E333-8FDC-42A3-9474-1A3956D46DE8}") = "Basket", "Basket", "{5991CCA7-7B8E-F5C0-A704-5C636E45E198}"
EndProject
Project("{FAE04EC0-301F-11D3-BF4B-00C04F79EFBC}") = "Basket.API", "Services\Basket\Basket.API\Basket.API.csproj", "{3338000D-0C93-4133-80FF-BB2E64A3E0A5}"
EndProject
Project("{FAE04EC0-301F-11D3-BF4B-00C04F79EFBC}") = "Basket.Core", "Services\Basket\Basket.Core\Basket.Core.csproj", "{F3A0232B-A074-4C87-918B-D4DC896192E2}"
EndProject
Project("{FAE04EC0-301F-11D3-BF4B-00C04F79EFBC}") = "Basket.Application", "Services\Basket\Basket.Application\Basket.Application.csproj", "{DE1EE15D-D114-4664-9A79-3B4E434229EE}"
EndProject
Project("{FAE04EC0-301F-11D3-BF4B-00C04F79EFBC}") = "Basket.Infrastructure", "Services\Basket\Basket.Infrastructure\Basket.Infrastructure.csproj", "{3D38F6C9-C36C-4589-92D3-B1AD6E212FD6}"
EndProject
Project("{2150E333-8FDC-42A3-9474-1A3956D46DE8}") = "Discount", "Discount", "{C7CAFBC0-809A-03AF-7F4A-D6ECDFC06026}"
EndProject
Project("{FAE04EC0-301F-11D3-BF4B-00C04F79EFBC}") = "Discount.API", "Services\Discount\Discount.API\Discount.API.csproj", "{5C0E9CC9-3081-4C35-9A54-E1D5799CE7D1}"
EndProject
Project("{FAE04EC0-301F-11D3-BF4B-00C04F79EFBC}") = "Discount.Application", "Services\Discount\Discount.Application\Discount.Application.csproj", "{41CE0FA4-F466-45B5-8D04-9F3C832D0AEE}"
EndProject
Project("{FAE04EC0-301F-11D3-BF4B-00C04F79EFBC}") = "Discount.Core", "Services\Discount\Discount.Core\Discount.Core.csproj", "{367F577A-B82F-4507-BDC1-C520DBCFAAD6}"
EndProject
Project("{FAE04EC0-301F-11D3-BF4B-00C04F79EFBC}") = "Discount.Infrastruture", "Services\Discount\Discount.Infrastruture\Discount.Infrastruture.csproj", "{23E37E04-D504-46BA-947C-84A4ABE1AA8F}"
EndProject
Global
	GlobalSection(SolutionConfigurationPlatforms) = preSolution
		Debug|Any CPU = Debug|Any CPU
		Release|Any CPU = Release|Any CPU
	EndGlobalSection
	GlobalSection(ProjectConfigurationPlatforms) = postSolution
		{70C2B01B-BBB4-4D7D-90C5-5D3503B4E771}.Debug|Any CPU.ActiveCfg = Debug|Any CPU
		{70C2B01B-BBB4-4D7D-90C5-5D3503B4E771}.Debug|Any CPU.Build.0 = Debug|Any CPU
		{70C2B01B-BBB4-4D7D-90C5-5D3503B4E771}.Release|Any CPU.ActiveCfg = Release|Any CPU
		{70C2B01B-BBB4-4D7D-90C5-5D3503B4E771}.Release|Any CPU.Build.0 = Release|Any CPU
		{EAAA3115-911C-4133-AF7A-E882C1D44A36}.Debug|Any CPU.ActiveCfg = Debug|Any CPU
		{EAAA3115-911C-4133-AF7A-E882C1D44A36}.Debug|Any CPU.Build.0 = Debug|Any CPU
		{EAAA3115-911C-4133-AF7A-E882C1D44A36}.Release|Any CPU.ActiveCfg = Release|Any CPU
		{EAAA3115-911C-4133-AF7A-E882C1D44A36}.Release|Any CPU.Build.0 = Release|Any CPU
		{144D645A-E341-45E4-976C-E9639FC81B12}.Debug|Any CPU.ActiveCfg = Debug|Any CPU
		{144D645A-E341-45E4-976C-E9639FC81B12}.Debug|Any CPU.Build.0 = Debug|Any CPU
		{144D645A-E341-45E4-976C-E9639FC81B12}.Release|Any CPU.ActiveCfg = Release|Any CPU
		{144D645A-E341-45E4-976C-E9639FC81B12}.Release|Any CPU.Build.0 = Release|Any CPU
		{17130226-DCF6-4CD7-AF0C-809C27239203}.Debug|Any CPU.ActiveCfg = Debug|Any CPU
		{17130226-DCF6-4CD7-AF0C-809C27239203}.Debug|Any CPU.Build.0 = Debug|Any CPU
		{17130226-DCF6-4CD7-AF0C-809C27239203}.Release|Any CPU.ActiveCfg = Release|Any CPU
		{17130226-DCF6-4CD7-AF0C-809C27239203}.Release|Any CPU.Build.0 = Release|Any CPU
		{81DDED9D-158B-E303-5F62-77A2896D2A5A}.Debug|Any CPU.ActiveCfg = Debug|Any CPU
		{81DDED9D-158B-E303-5F62-77A2896D2A5A}.Debug|Any CPU.Build.0 = Debug|Any CPU
		{81DDED9D-158B-E303-5F62-77A2896D2A5A}.Release|Any CPU.ActiveCfg = Release|Any CPU
		{81DDED9D-158B-E303-5F62-77A2896D2A5A}.Release|Any CPU.Build.0 = Release|Any CPU
		{3338000D-0C93-4133-80FF-BB2E64A3E0A5}.Debug|Any CPU.ActiveCfg = Debug|Any CPU
		{3338000D-0C93-4133-80FF-BB2E64A3E0A5}.Debug|Any CPU.Build.0 = Debug|Any CPU
		{3338000D-0C93-4133-80FF-BB2E64A3E0A5}.Release|Any CPU.ActiveCfg = Release|Any CPU
		{3338000D-0C93-4133-80FF-BB2E64A3E0A5}.Release|Any CPU.Build.0 = Release|Any CPU
		{F3A0232B-A074-4C87-918B-D4DC896192E2}.Debug|Any CPU.ActiveCfg = Debug|Any CPU
		{F3A0232B-A074-4C87-918B-D4DC896192E2}.Debug|Any CPU.Build.0 = Debug|Any CPU
		{F3A0232B-A074-4C87-918B-D4DC896192E2}.Release|Any CPU.ActiveCfg = Release|Any CPU
		{F3A0232B-A074-4C87-918B-D4DC896192E2}.Release|Any CPU.Build.0 = Release|Any CPU
		{DE1EE15D-D114-4664-9A79-3B4E434229EE}.Debug|Any CPU.ActiveCfg = Debug|Any CPU
		{DE1EE15D-D114-4664-9A79-3B4E434229EE}.Debug|Any CPU.Build.0 = Debug|Any CPU
		{DE1EE15D-D114-4664-9A79-3B4E434229EE}.Release|Any CPU.ActiveCfg = Release|Any CPU
		{DE1EE15D-D114-4664-9A79-3B4E434229EE}.Release|Any CPU.Build.0 = Release|Any CPU
		{3D38F6C9-C36C-4589-92D3-B1AD6E212FD6}.Debug|Any CPU.ActiveCfg = Debug|Any CPU
		{3D38F6C9-C36C-4589-92D3-B1AD6E212FD6}.Debug|Any CPU.Build.0 = Debug|Any CPU
		{3D38F6C9-C36C-4589-92D3-B1AD6E212FD6}.Release|Any CPU.ActiveCfg = Release|Any CPU
		{3D38F6C9-C36C-4589-92D3-B1AD6E212FD6}.Release|Any CPU.Build.0 = Release|Any CPU
		{5C0E9CC9-3081-4C35-9A54-E1D5799CE7D1}.Debug|Any CPU.ActiveCfg = Debug|Any CPU
		{5C0E9CC9-3081-4C35-9A54-E1D5799CE7D1}.Debug|Any CPU.Build.0 = Debug|Any CPU
		{5C0E9CC9-3081-4C35-9A54-E1D5799CE7D1}.Release|Any CPU.ActiveCfg = Release|Any CPU
		{5C0E9CC9-3081-4C35-9A54-E1D5799CE7D1}.Release|Any CPU.Build.0 = Release|Any CPU
		{41CE0FA4-F466-45B5-8D04-9F3C832D0AEE}.Debug|Any CPU.ActiveCfg = Debug|Any CPU
		{41CE0FA4-F466-45B5-8D04-9F3C832D0AEE}.Debug|Any CPU.Build.0 = Debug|Any CPU
		{41CE0FA4-F466-45B5-8D04-9F3C832D0AEE}.Release|Any CPU.ActiveCfg = Release|Any CPU
		{41CE0FA4-F466-45B5-8D04-9F3C832D0AEE}.Release|Any CPU.Build.0 = Release|Any CPU
		{367F577A-B82F-4507-BDC1-C520DBCFAAD6}.Debug|Any CPU.ActiveCfg = Debug|Any CPU
		{367F577A-B82F-4507-BDC1-C520DBCFAAD6}.Debug|Any CPU.Build.0 = Debug|Any CPU
		{367F577A-B82F-4507-BDC1-C520DBCFAAD6}.Release|Any CPU.ActiveCfg = Release|Any CPU
		{367F577A-B82F-4507-BDC1-C520DBCFAAD6}.Release|Any CPU.Build.0 = Release|Any CPU
		{23E37E04-D504-46BA-947C-84A4ABE1AA8F}.Debug|Any CPU.ActiveCfg = Debug|Any CPU
		{23E37E04-D504-46BA-947C-84A4ABE1AA8F}.Debug|Any CPU.Build.0 = Debug|Any CPU
		{23E37E04-D504-46BA-947C-84A4ABE1AA8F}.Release|Any CPU.ActiveCfg = Release|Any CPU
		{23E37E04-D504-46BA-947C-84A4ABE1AA8F}.Release|Any CPU.Build.0 = Release|Any CPU
	EndGlobalSection
	GlobalSection(SolutionProperties) = preSolution
		HideSolutionNode = FALSE
	EndGlobalSection
	GlobalSection(NestedProjects) = preSolution
		{944ACC7E-4FFC-A2A2-09E1-98A62C66F8DB} = {5854FF58-B8C5-05C6-5BF2-ACE42193F22B}
		{70C2B01B-BBB4-4D7D-90C5-5D3503B4E771} = {944ACC7E-4FFC-A2A2-09E1-98A62C66F8DB}
		{EAAA3115-911C-4133-AF7A-E882C1D44A36} = {944ACC7E-4FFC-A2A2-09E1-98A62C66F8DB}
		{144D645A-E341-45E4-976C-E9639FC81B12} = {944ACC7E-4FFC-A2A2-09E1-98A62C66F8DB}
		{17130226-DCF6-4CD7-AF0C-809C27239203} = {944ACC7E-4FFC-A2A2-09E1-98A62C66F8DB}
		{5991CCA7-7B8E-F5C0-A704-5C636E45E198} = {5854FF58-B8C5-05C6-5BF2-ACE42193F22B}
		{3338000D-0C93-4133-80FF-BB2E64A3E0A5} = {5991CCA7-7B8E-F5C0-A704-5C636E45E198}
		{F3A0232B-A074-4C87-918B-D4DC896192E2} = {5991CCA7-7B8E-F5C0-A704-5C636E45E198}
		{DE1EE15D-D114-4664-9A79-3B4E434229EE} = {5991CCA7-7B8E-F5C0-A704-5C636E45E198}
		{3D38F6C9-C36C-4589-92D3-B1AD6E212FD6} = {5991CCA7-7B8E-F5C0-A704-5C636E45E198}
		{C7CAFBC0-809A-03AF-7F4A-D6ECDFC06026} = {5854FF58-B8C5-05C6-5BF2-ACE42193F22B}
		{5C0E9CC9-3081-4C35-9A54-E1D5799CE7D1} = {C7CAFBC0-809A-03AF-7F4A-D6ECDFC06026}
		{41CE0FA4-F466-45B5-8D04-9F3C832D0AEE} = {C7CAFBC0-809A-03AF-7F4A-D6ECDFC06026}
		{367F577A-B82F-4507-BDC1-C520DBCFAAD6} = {C7CAFBC0-809A-03AF-7F4A-D6ECDFC06026}
		{23E37E04-D504-46BA-947C-84A4ABE1AA8F} = {C7CAFBC0-809A-03AF-7F4A-D6ECDFC06026}
	EndGlobalSection
	GlobalSection(ExtensibilityGlobals) = postSolution
		SolutionGuid = {38ACD587-4432-40AB-B2D0-E23FFEC72049}
	EndGlobalSection
EndGlobal
